{
  "name": "rotas_stage",
  "lockfileVersion": 2,
  "requires": true,
  "packages": {
    "": {
      "dependencies": {
        "webcam-easy": "^1.0.5"
      }
    },
    "node_modules/webcam-easy": {
      "version": "1.0.5",
      "resolved": "https://registry.npmjs.org/webcam-easy/-/webcam-easy-1.0.5.tgz",
      "integrity": "sha512-YSXB21kfnwdrlPX/u1O5r8pbHxCaw3bsxhmvS1S9ixK/8n8LzxOduylqwVUSjYGSVJRhopJUN77SOh3Z0QgaIQ=="
    }
  },
  "dependencies": {
    "webcam-easy": {
      "version": "1.0.5",
      "resolved": "https://registry.npmjs.org/webcam-easy/-/webcam-easy-1.0.5.tgz",
      "integrity": "sha512-YSXB21kfnwdrlPX/u1O5r8pbHxCaw3bsxhmvS1S9ixK/8n8LzxOduylqwVUSjYGSVJRhopJUN77SOh3Z0QgaIQ=="
    }
  }
}
